{
  "name": "myproject",
  "version": "1.0.0",
  "lockfileVersion": 1,
  "requires": true,
  "dependencies": {
    "ast-get": {
      "version": "file:../zpack",
      "requires": {
        "acorn": "^8.0.4",
        "http-server": "^0.12.3",
        "livereload": "^0.9.1"
      },
      "dependencies": {
        "acorn": {
          "version": "8.0.4",
          "resolved": "https://registry.npm.taobao.org/acorn/download/acorn-8.0.4.tgz",
          "integrity": "sha1-ejrkGRRmpphO7g/jQHpPOqnbg1Q="
        },
        "anymatch": {
          "version": "3.1.1",
          "resolved": "https://registry.npm.taobao.org/anymatch/download/anymatch-3.1.1.tgz",
          "integrity": "sha1-xV7PAhheJGklk5kxDBc84xIzsUI=",
          "requires": {
            "normalize-path": "^3.0.0",
            "picomatch": "^2.0.4"
          }
        },
        "async": {
          "version": "2.6.3",
          "resolved": "https://registry.npm.taobao.org/async/download/async-2.6.3.tgz",
          "integrity": "sha1-1yYl4jRKNlbjo61Pp0n6gymdgv8=",
          "requires": {
            "lodash": "^4.17.14"
          }
        },
        "async-limiter": {
          "version": "1.0.1",
          "resolved": "https://registry.npm.taobao.org/async-limiter/download/async-limiter-1.0.1.tgz",
          "integrity": "sha1-3TeelPDbgxCwgpH51kwyCXZmF/0="
        },
        "basic-auth": {
          "version": "1.1.0",
          "resolved": "https://registry.npm.taobao.org/basic-auth/download/basic-auth-1.1.0.tgz",
          "integrity": "sha1-RSIe5Cn37h5QNb4/UVM/HN/SmIQ="
        },
        "binary-extensions": {
          "version": "2.1.0",
          "resolved": "https://registry.npm.taobao.org/binary-extensions/download/binary-extensions-2.1.0.tgz",
          "integrity": "sha1-MPpAyef+B9vIlWeM0ocCTeokHdk="
        },
        "braces": {
          "version": "3.0.2",
          "resolved": "https://registry.npm.taobao.org/braces/download/braces-3.0.2.tgz",
          "integrity": "sha1-NFThpGLujVmeI23zNs2epPiv4Qc=",
          "requires": {
            "fill-range": "^7.0.1"
          }
        },
        "chokidar": {
          "version": "3.4.3",
          "resolved": "https://registry.npm.taobao.org/chokidar/download/chokidar-3.4.3.tgz?cache=0&sync_timestamp=1602585381749&other_urls=https%3A%2F%2Fregistry.npm.taobao.org%2Fchokidar%2Fdownload%2Fchokidar-3.4.3.tgz",
          "integrity": "sha1-wd84IxRI5FykrFiObHlXO6alfVs=",
          "requires": {
            "anymatch": "~3.1.1",
            "braces": "~3.0.2",
            "fsevents": "~2.1.2",
            "glob-parent": "~5.1.0",
            "is-binary-path": "~2.1.0",
            "is-glob": "~4.0.1",
            "normalize-path": "~3.0.0",
            "readdirp": "~3.5.0"
          }
        },
        "colors": {
          "version": "1.4.0",
          "resolved": "https://registry.npm.taobao.org/colors/download/colors-1.4.0.tgz",
          "integrity": "sha1-xQSRR51MG9rtLJztMs98fcI2D3g="
        },
        "corser": {
          "version": "2.0.1",
          "resolved": "https://registry.npm.taobao.org/corser/download/corser-2.0.1.tgz",
          "integrity": "sha1-jtolLsqrWEDc2XXOuQ2TcMgZ/4c="
        },
        "debug": {
          "version": "3.2.7",
          "resolved": "https://registry.npm.taobao.org/debug/download/debug-3.2.7.tgz?cache=0&sync_timestamp=1607566533140&other_urls=https%3A%2F%2Fregistry.npm.taobao.org%2Fdebug%2Fdownload%2Fdebug-3.2.7.tgz",
          "integrity": "sha1-clgLfpFF+zm2Z2+cXl+xALk0F5o=",
          "requires": {
            "ms": "^2.1.1"
          }
        },
        "ecstatic": {
          "version": "3.3.2",
          "resolved": "https://registry.npm.taobao.org/ecstatic/download/ecstatic-3.3.2.tgz",
          "integrity": "sha1-bR3UmBTQBZRoLGUq22YHamnUbEg=",
          "requires": {
            "he": "^1.1.1",
            "mime": "^1.6.0",
            "minimist": "^1.1.0",
            "url-join": "^2.0.5"
          }
        },
        "eventemitter3": {
          "version": "4.0.7",
          "resolved": "https://registry.npm.taobao.org/eventemitter3/download/eventemitter3-4.0.7.tgz?cache=0&other_urls=https%3A%2F%2Fregistry.npm.taobao.org%2Feventemitter3%2Fdownload%2Feventemitter3-4.0.7.tgz",
          "integrity": "sha1-Lem2j2Uo1WRO9cWVJqG0oHMGFp8="
        },
        "fill-range": {
          "version": "7.0.1",
          "resolved": "https://registry.npm.taobao.org/fill-range/download/fill-range-7.0.1.tgz",
          "integrity": "sha1-GRmmp8df44ssfHflGYU12prN2kA=",
          "requires": {
            "to-regex-range": "^5.0.1"
          }
        },
        "follow-redirects": {
          "version": "1.13.1",
          "resolved": "https://registry.npm.taobao.org/follow-redirects/download/follow-redirects-1.13.1.tgz?cache=0&sync_timestamp=1607916886138&other_urls=https%3A%2F%2Fregistry.npm.taobao.org%2Ffollow-redirects%2Fdownload%2Ffollow-redirects-1.13.1.tgz",
          "integrity": "sha1-X2m4Ezds7k/QR0o6uoNd8Eq3Y7c="
        },
        "fsevents": {
          "version": "2.1.3",
          "resolved": "https://registry.npm.taobao.org/fsevents/download/fsevents-2.1.3.tgz?cache=0&sync_timestamp=1608033993741&other_urls=https%3A%2F%2Fregistry.npm.taobao.org%2Ffsevents%2Fdownload%2Ffsevents-2.1.3.tgz",
          "integrity": "sha1-+3OHA66NL5/pAMM4Nt3r7ouX8j4=",
          "optional": true
        },
        "glob-parent": {
          "version": "5.1.1",
          "resolved": "https://registry.npm.taobao.org/glob-parent/download/glob-parent-5.1.1.tgz",
          "integrity": "sha1-tsHvQXxOVmPqSY8cRa+saRa7wik=",
          "requires": {
            "is-glob": "^4.0.1"
          }
        },
        "he": {
          "version": "1.2.0",
          "resolved": "https://registry.npm.taobao.org/he/download/he-1.2.0.tgz?cache=0&sync_timestamp=1589682765156&other_urls=https%3A%2F%2Fregistry.npm.taobao.org%2Fhe%2Fdownload%2Fhe-1.2.0.tgz",
          "integrity": "sha1-hK5l+n6vsWX922FWauFLrwVmTw8="
        },
        "http-proxy": {
          "version": "1.18.1",
          "resolved": "https://registry.npm.taobao.org/http-proxy/download/http-proxy-1.18.1.tgz",
          "integrity": "sha1-QBVB8FNIhLv5UmAzTnL4juOXZUk=",
          "requires": {
            "eventemitter3": "^4.0.0",
            "follow-redirects": "^1.0.0",
            "requires-port": "^1.0.0"
          }
        },
        "http-server": {
          "version": "0.12.3",
          "resolved": "https://registry.npm.taobao.org/http-server/download/http-server-0.12.3.tgz",
          "integrity": "sha1-ugRx0OzEJYhmFss1xPryeRQKDTc=",
          "requires": {
            "basic-auth": "^1.0.3",
            "colors": "^1.4.0",
            "corser": "^2.0.1",
            "ecstatic": "^3.3.2",
            "http-proxy": "^1.18.0",
            "minimist": "^1.2.5",
            "opener": "^1.5.1",
            "portfinder": "^1.0.25",
            "secure-compare": "3.0.1",
            "union": "~0.5.0"
          }
        },
        "is-binary-path": {
          "version": "2.1.0",
          "resolved": "https://registry.npm.taobao.org/is-binary-path/download/is-binary-path-2.1.0.tgz",
          "integrity": "sha1-6h9/O4DwZCNug0cPhsCcJU+0Wwk=",
          "requires": {
            "binary-extensions": "^2.0.0"
          }
        },
        "is-extglob": {
          "version": "2.1.1",
          "resolved": "https://registry.npm.taobao.org/is-extglob/download/is-extglob-2.1.1.tgz",
          "integrity": "sha1-qIwCU1eR8C7TfHahueqXc8gz+MI="
        },
        "is-glob": {
          "version": "4.0.1",
          "resolved": "https://registry.npm.taobao.org/is-glob/download/is-glob-4.0.1.tgz",
          "integrity": "sha1-dWfb6fL14kZ7x3q4PEopSCQHpdw=",
          "requires": {
            "is-extglob": "^2.1.1"
          }
        },
        "is-number": {
          "version": "7.0.0",
          "resolved": "https://registry.npm.taobao.org/is-number/download/is-number-7.0.0.tgz",
          "integrity": "sha1-dTU0W4lnNNX4DE0GxQlVUnoU8Ss="
        },
        "livereload": {
          "version": "0.9.1",
          "resolved": "https://registry.npm.taobao.org/livereload/download/livereload-0.9.1.tgz",
          "integrity": "sha1-ZRJdq98ttP0/EWnpU/5W47zG9Hc=",
          "requires": {
            "chokidar": "^3.3.0",
            "livereload-js": "^3.1.0",
            "opts": ">= 1.2.0",
            "ws": "^6.2.1"
          }
        },
        "livereload-js": {
          "version": "3.3.1",
          "resolved": "https://registry.npm.taobao.org/livereload-js/download/livereload-js-3.3.1.tgz?cache=0&sync_timestamp=1601290623731&other_urls=https%3A%2F%2Fregistry.npm.taobao.org%2Flivereload-js%2Fdownload%2Flivereload-js-3.3.1.tgz",
          "integrity": "sha1-YfiHRoCGdi5h+ymHQSz50d2pkgI="
        },
        "lodash": {
          "version": "4.17.20",
          "resolved": "https://registry.npm.taobao.org/lodash/download/lodash-4.17.20.tgz?cache=0&sync_timestamp=1597335994883&other_urls=https%3A%2F%2Fregistry.npm.taobao.org%2Flodash%2Fdownload%2Flodash-4.17.20.tgz",
          "integrity": "sha1-tEqbYpe8tpjxxRo1RaKzs2jVnFI="
        },
        "mime": {
          "version": "1.6.0",
          "resolved": "https://registry.npm.taobao.org/mime/download/mime-1.6.0.tgz?cache=0&sync_timestamp=1608083973342&other_urls=https%3A%2F%2Fregistry.npm.taobao.org%2Fmime%2Fdownload%2Fmime-1.6.0.tgz",
          "integrity": "sha1-Ms2eXGRVO9WNGaVor0Uqz/BJgbE="
        },
        "minimist": {
          "version": "1.2.5",
          "resolved": "https://registry.npm.taobao.org/minimist/download/minimist-1.2.5.tgz?cache=0&sync_timestamp=1589682820731&other_urls=https%3A%2F%2Fregistry.npm.taobao.org%2Fminimist%2Fdownload%2Fminimist-1.2.5.tgz",
          "integrity": "sha1-Z9ZgFLZqaoqqDAg8X9WN9OTpdgI="
        },
        "mkdirp": {
          "version": "0.5.5",
          "resolved": "https://registry.npm.taobao.org/mkdirp/download/mkdirp-0.5.5.tgz?cache=0&sync_timestamp=1589682820707&other_urls=https%3A%2F%2Fregistry.npm.taobao.org%2Fmkdirp%2Fdownload%2Fmkdirp-0.5.5.tgz",
          "integrity": "sha1-2Rzv1i0UNsoPQWIOJRKI1CAJne8=",
          "requires": {
            "minimist": "^1.2.5"
          }
        },
        "ms": {
          "version": "2.1.3",
          "resolved": "https://registry.npm.taobao.org/ms/download/ms-2.1.3.tgz?cache=0&sync_timestamp=1607433842694&other_urls=https%3A%2F%2Fregistry.npm.taobao.org%2Fms%2Fdownload%2Fms-2.1.3.tgz",
          "integrity": "sha1-V0yBOM4dK1hh8LRFedut1gxmFbI="
        },
        "normalize-path": {
          "version": "3.0.0",
          "resolved": "https://registry.npm.taobao.org/normalize-path/download/normalize-path-3.0.0.tgz",
          "integrity": "sha1-Dc1p/yOhybEf0JeDFmRKA4ghamU="
        },
        "opener": {
          "version": "1.5.2",
          "resolved": "https://registry.npm.taobao.org/opener/download/opener-1.5.2.tgz?cache=0&sync_timestamp=1598733244715&other_urls=https%3A%2F%2Fregistry.npm.taobao.org%2Fopener%2Fdownload%2Fopener-1.5.2.tgz",
          "integrity": "sha1-XTfh81B3udysQwE3InGv3rKhNZg="
        },
        "opts": {
          "version": "2.0.2",
          "resolved": "https://registry.npm.taobao.org/opts/download/opts-2.0.2.tgz",
          "integrity": "sha1-oX4Yn7v+4XHaVZ7dikJCO8WZPOE="
        },
        "picomatch": {
          "version": "2.2.2",
          "resolved": "https://registry.npm.taobao.org/picomatch/download/picomatch-2.2.2.tgz",
          "integrity": "sha1-IfMz6ba46v8CRo9RRupAbTRfTa0="
        },
        "portfinder": {
          "version": "1.0.28",
          "resolved": "https://registry.npm.taobao.org/portfinder/download/portfinder-1.0.28.tgz?cache=0&sync_timestamp=1596018176291&other_urls=https%3A%2F%2Fregistry.npm.taobao.org%2Fportfinder%2Fdownload%2Fportfinder-1.0.28.tgz",
          "integrity": "sha1-Z8RiKFK9U3TdHdkA93n1NGL6x3g=",
          "requires": {
            "async": "^2.6.2",
            "debug": "^3.1.1",
            "mkdirp": "^0.5.5"
          }
        },
        "qs": {
          "version": "6.9.4",
          "resolved": "https://registry.npm.taobao.org/qs/download/qs-6.9.4.tgz",
          "integrity": "sha1-kJCykNH5FyjTwi5UhDykSupatoc="
        },
        "readdirp": {
          "version": "3.5.0",
          "resolved": "https://registry.npm.taobao.org/readdirp/download/readdirp-3.5.0.tgz?cache=0&sync_timestamp=1602584331621&other_urls=https%3A%2F%2Fregistry.npm.taobao.org%2Freaddirp%2Fdownload%2Freaddirp-3.5.0.tgz",
          "integrity": "sha1-m6dMAZsV02UnjS6Ru4xI17TULJ4=",
          "requires": {
            "picomatch": "^2.2.1"
          }
        },
        "requires-port": {
          "version": "1.0.0",
          "resolved": "https://registry.npm.taobao.org/requires-port/download/requires-port-1.0.0.tgz",
          "integrity": "sha1-kl0mAdOaxIXgkc8NpcbmlNw9yv8="
        },
        "secure-compare": {
          "version": "3.0.1",
          "resolved": "https://registry.npm.taobao.org/secure-compare/download/secure-compare-3.0.1.tgz",
          "integrity": "sha1-8aAymzCLIh+uN7mXTz1XjQypmeM="
        },
        "to-regex-range": {
          "version": "5.0.1",
          "resolved": "https://registry.npm.taobao.org/to-regex-range/download/to-regex-range-5.0.1.tgz",
          "integrity": "sha1-FkjESq58jZiKMmAY7XL1tN0DkuQ=",
          "requires": {
            "is-number": "^7.0.0"
          }
        },
        "union": {
          "version": "0.5.0",
          "resolved": "https://registry.npm.taobao.org/union/download/union-0.5.0.tgz",
          "integrity": "sha1-ssEb6E9gU4U3uEbtuboma6AJAHU=",
          "requires": {
            "qs": "^6.4.0"
          }
        },
        "url-join": {
          "version": "2.0.5",
          "resolved": "https://registry.npm.taobao.org/url-join/download/url-join-2.0.5.tgz",
          "integrity": "sha1-WvIvGMBSoACkjXuCxenC4v7tpyg="
        },
        "ws": {
          "version": "6.2.1",
          "resolved": "https://registry.npm.taobao.org/ws/download/ws-6.2.1.tgz?cache=0&sync_timestamp=1607113390244&other_urls=https%3A%2F%2Fregistry.npm.taobao.org%2Fws%2Fdownload%2Fws-6.2.1.tgz",
          "integrity": "sha1-RC/fCkftZPWbal2P8TD0dI7VJPs=",
          "requires": {
            "async-limiter": "~1.0.0"
          }
        }
      }
    }
  }
}
